// !$*UTF8*$!
{
	archiveVersion = 1;
	classes = {
	};
	objectVersion = 46;
	objects = {

/* Begin PBXBuildFile section */
		30900D581DCEBB52008C606A /* AppDelegate.swift in Sources */ = {isa = PBXBuildFile; fileRef = 30900D571DCEBB52008C606A /* AppDelegate.swift */; };
		30900D5A1DCEBB52008C606A /* ViewController.swift in Sources */ = {isa = PBXBuildFile; fileRef = 30900D591DCEBB52008C606A /* ViewController.swift */; };
		30900D5D1DCEBB52008C606A /* Main.storyboard in Resources */ = {isa = PBXBuildFile; fileRef = 30900D5B1DCEBB52008C606A /* Main.storyboard */; };
		30900D5F1DCEBB52008C606A /* Assets.xcassets in Resources */ = {isa = PBXBuildFile; fileRef = 30900D5E1DCEBB52008C606A /* Assets.xcassets */; };
		30900D621DCEBB52008C606A /* LaunchScreen.storyboard in Resources */ = {isa = PBXBuildFile; fileRef = 30900D601DCEBB52008C606A /* LaunchScreen.storyboard */; };
		30900D701DCEBD69008C606A /* TokenField.framework in Frameworks */ = {isa = PBXBuildFile; fileRef = 30900D6F1DCEBD69008C606A /* TokenField.framework */; };
		30900D711DCEBD69008C606A /* TokenField.framework in Embed Frameworks */ = {isa = PBXBuildFile; fileRef = 30900D6F1DCEBD69008C606A /* TokenField.framework */; settings = {ATTRIBUTES = (CodeSignOnCopy, RemoveHeadersOnCopy, ); }; };
/* End PBXBuildFile section */

/* Begin PBXCopyFilesBuildPhase section */
		30900D721DCEBD69008C606A /* Embed Frameworks */ = {
			isa = PBXCopyFilesBuildPhase;
			buildActionMask = 2147483647;
			dstPath = "";
			dstSubfolderSpec = 10;
			files = (
				30900D711DCEBD69008C606A /* TokenField.framework in Embed Frameworks */,
			);
			name = "Embed Frameworks";
			runOnlyForDeploymentPostprocessing = 0;
		};
/* End PBXCopyFilesBuildPhase section */

/* Begin PBXFileReference section */
		30900D541DCEBB52008C606A /* TokenPickerDemo.app */ = {isa = PBXFileReference; explicitFileType = wrapper.application; includeInIndex = 0; path = TokenPickerDemo.app; sourceTree = BUILT_PRODUCTS_DIR; };
		30900D571DCEBB52008C606A /* AppDelegate.swift */ = {isa = PBXFileReference; lastKnownFileType = sourcecode.swift; path = AppDelegate.swift; sourceTree = "<group>"; };
		30900D591DCEBB52008C606A /* ViewController.swift */ = {isa = PBXFileReference; lastKnownFileType = sourcecode.swift; path = ViewController.swift; sourceTree = "<group>"; };
		30900D5C1DCEBB52008C606A /* Base */ = {isa = PBXFileReference; lastKnownFileType = file.storyboard; name = Base; path = Base.lproj/Main.storyboard; sourceTree = "<group>"; };
		30900D5E1DCEBB52008C606A /* Assets.xcassets */ = {isa = PBXFileReference; lastKnownFileType = folder.assetcatalog; path = Assets.xcassets; sourceTree = "<group>"; };
		30900D611DCEBB52008C606A /* Base */ = {isa = PBXFileReference; lastKnownFileType = file.storyboard; name = Base; path = Base.lproj/LaunchScreen.storyboard; sourceTree = "<group>"; };
		30900D631DCEBB52008C606A /* Info.plist */ = {isa = PBXFileReference; lastKnownFileType = text.plist.xml; path = Info.plist; sourceTree = "<group>"; };
		30900D6F1DCEBD69008C606A /* TokenField.framework */ = {isa = PBXFileReference; explicitFileType = wrapper.framework; path = TokenField.framework; sourceTree = BUILT_PRODUCTS_DIR; };
/* End PBXFileReference section */

/* Begin PBXFrameworksBuildPhase section */
		30900D511DCEBB52008C606A /* Frameworks */ = {
			isa = PBXFrameworksBuildPhase;
			buildActionMask = 2147483647;
			files = (
				30900D701DCEBD69008C606A /* TokenField.framework in Frameworks */,
			);
			runOnlyForDeploymentPostprocessing = 0;
		};
/* End PBXFrameworksBuildPhase section */

/* Begin PBXGroup section */
		30900D4B1DCEBB52008C606A = {
			isa = PBXGroup;
			children = (
				30900D6F1DCEBD69008C606A /* TokenField.framework */,
				30900D561DCEBB52008C606A /* TokenPickerDemo */,
				30900D551DCEBB52008C606A /* Products */,
			);
			sourceTree = "<group>";
		};
		30900D551DCEBB52008C606A /* Products */ = {
			isa = PBXGroup;
			children = (
				30900D541DCEBB52008C606A /* TokenPickerDemo.app */,
			);
			name = Products;
			sourceTree = "<group>";
		};
		30900D561DCEBB52008C606A /* TokenPickerDemo */ = {
			isa = PBXGroup;
			children = (
				30900D571DCEBB52008C606A /* AppDelegate.swift */,
				30900D591DCEBB52008C606A /* ViewController.swift */,
				30900D5B1DCEBB52008C606A /* Main.storyboard */,
				30900D5E1DCEBB52008C606A /* Assets.xcassets */,
				30900D601DCEBB52008C606A /* LaunchScreen.storyboard */,
				30900D631DCEBB52008C606A /* Info.plist */,
			);
			path = TokenPickerDemo;
			sourceTree = "<group>";
		};
/* End PBXGroup section */

/* Begin PBXNativeTarget section */
		30900D531DCEBB52008C606A /* TokenPickerDemo */ = {
			isa = PBXNativeTarget;
			buildConfigurationList = 30900D661DCEBB52008C606A /* Build configuration list for PBXNativeTarget "TokenPickerDemo" */;
			buildPhases = (
				30900D501DCEBB52008C606A /* Sources */,
				30900D511DCEBB52008C606A /* Frameworks */,
				30900D521DCEBB52008C606A /* Resources */,
				30900D721DCEBD69008C606A /* Embed Frameworks */,
			);
			buildRules = (
			);
			dependencies = (
			);
			name = TokenPickerDemo;
			productName = TokenPickerDemo;
			productReference = 30900D541DCEBB52008C606A /* TokenPickerDemo.app */;
			productType = "com.apple.product-type.application";
		};
/* End PBXNativeTarget section */

/* Begin PBXProject section */
		30900D4C1DCEBB52008C606A /* Project object */ = {
			isa = PBXProject;
			attributes = {
				LastSwiftUpdateCheck = 0810;
				LastUpgradeCheck = 1010;
				ORGANIZATIONNAME = "Reid Chatham";
				TargetAttributes = {
					30900D531DCEBB52008C606A = {
						CreatedOnToolsVersion = 8.1;
						DevelopmentTeam = NT7FFBVKUP;
						LastSwiftMigration = 1010;
						ProvisioningStyle = Automatic;
					};
				};
			};
			buildConfigurationList = 30900D4F1DCEBB52008C606A /* Build configuration list for PBXProject "TokenPickerDemo" */;
			compatibilityVersion = "Xcode 3.2";
			developmentRegion = English;
			hasScannedForEncodings = 0;
			knownRegions = (
				en,
				Base,
			);
			mainGroup = 30900D4B1DCEBB52008C606A;
			productRefGroup = 30900D551DCEBB52008C606A /* Products */;
			projectDirPath = "";
			projectRoot = "";
			targets = (
				30900D531DCEBB52008C606A /* TokenPickerDemo */,
			);
		};
/* End PBXProject section */

/* Begin PBXResourcesBuildPhase section */
		30900D521DCEBB52008C606A /* Resources */ = {
			isa = PBXResourcesBuildPhase;
			buildActionMask = 2147483647;
			files = (
				30900D621DCEBB52008C606A /* LaunchScreen.storyboard in Resources */,
				30900D5F1DCEBB52008C606A /* Assets.xcassets in Resources */,
				30900D5D1DCEBB52008C606A /* Main.storyboard in Resources */,
			);
			runOnlyForDeploymentPostprocessing = 0;
		};
/* End PBXResourcesBuildPhase section */

/* Begin PBXSourcesBuildPhase section */
		30900D501DCEBB52008C606A /* Sources */ = {
			isa = PBXSourcesBuildPhase;
			buildActionMask = 2147483647;
			files = (
				30900D5A1DCEBB52008C606A /* ViewController.swift in Sources */,
				30900D581DCEBB52008C606A /* AppDelegate.swift in Sources */,
			);
			runOnlyForDeploymentPostprocessing = 0;
		};
/* End PBXSourcesBuildPhase section */

/* Begin PBXVariantGroup section */
		30900D5B1DCEBB52008C606A /* Main.storyboard */ = {
			isa = PBXVariantGroup;
			children = (
				30900D5C1DCEBB52008C606A /* Base */,
			);
			name = Main.storyboard;
			sourceTree = "<group>";
		};
		30900D601DCEBB52008C606A /* LaunchScreen.storyboard */ = {
			isa = PBXVariantGroup;
			children = (
				30900D611DCEBB52008C606A /* Base */,
			);
			name = LaunchScreen.storyboard;
			sourceTree = "<group>";
		};
/* End PBXVariantGroup section */

/* Begin XCBuildConfiguration section */
		30900D641DCEBB52008C606A /* Debug */ = {
			isa = XCBuildConfiguration;
			buildSettings = {
				ALWAYS_SEARCH_USER_PATHS = NO;
				CLANG_ANALYZER_NONNULL = YES;
				CLANG_CXX_LANGUAGE_STANDARD = "gnu++0x";
				CLANG_CXX_LIBRARY = "libc++";
				CLANG_ENABLE_MODULES = YES;
				CLANG_ENABLE_OBJC_ARC = YES;
				CLANG_WARN_BLOCK_CAPTURE_AUTORELEASING = YES;
				CLANG_WARN_BOOL_CONVERSION = YES;
				CLANG_WARN_COMMA = YES;
				CLANG_WARN_CONSTANT_CONVERSION = YES;
				CLANG_WARN_DEPRECATED_OBJC_IMPLEMENTATIONS = YES;
				CLANG_WARN_DIRECT_OBJC_ISA_USAGE = YES_ERROR;
				CLANG_WARN_DOCUMENTATION_COMMENTS = YES;
				CLANG_WARN_EMPTY_BODY = YES;
				CLANG_WARN_ENUM_CONVERSION = YES;
				CLANG_WARN_INFINITE_RECURSION = YES;
				CLANG_WARN_INT_CONVERSION = YES;
				CLANG_WARN_NON_LITERAL_NULL_CONVERSION = YES;
				CLANG_WARN_OBJC_IMPLICIT_RETAIN_SELF = YES;
				CLANG_WARN_OBJC_LITERAL_CONVERSION = YES;
				CLANG_WARN_OBJC_ROOT_CLASS = YES_ERROR;
				CLANG_WARN_RANGE_LOOP_ANALYSIS = YES;
				CLANG_WARN_STRICT_PROTOTYPES = YES;
				CLANG_WARN_SUSPICIOUS_MOVE = YES;
				CLANG_WARN_SUSPICIOUS_MOVES = YES;
				CLANG_WARN_UNREACHABLE_CODE = YES;
				CLANG_WARN__DUPLICATE_METHOD_MATCH = YES;
				"CODE_SIGN_IDENTITY[sdk=iphoneos*]" = "iPhone Developer";
				COPY_PHASE_STRIP = NO;
				DEBUG_INFORMATION_FORMAT = dwarf;
				ENABLE_STRICT_OBJC_MSGSEND = YES;
				ENABLE_TESTABILITY = YES;
				GCC_C_LANGUAGE_STANDARD = gnu99;
				GCC_DYNAMIC_NO_PIC = NO;
				GCC_NO_COMMON_BLOCKS = YES;
				GCC_OPTIMIZATION_LEVEL = 0;
				GCC_PREPROCESSOR_DEFINITIONS = (
					"DEBUG=1",
					"$(inherited)",
				);
				GCC_WARN_64_TO_32_BIT_CONVERSION = YES;
				GCC_WARN_ABOUT_RETURN_TYPE = YES_ERROR;
				GCC_WARN_UNDECLARED_SELECTOR = YES;
				GCC_WARN_UNINITIALIZED_AUTOS = YES_AGGRESSIVE;
				GCC_WARN_UNUSED_FUNCTION = YES;
				GCC_WARN_UNUSED_VARIABLE = YES;
				IPHONEOS_DEPLOYMENT_TARGET = 10.1;
				MTL_ENABLE_DEBUG_INFO = YES;
				ONLY_ACTIVE_ARCH = YES;
				SDKROOT = iphoneos;
				SWIFT_ACTIVE_COMPILATION_CONDITIONS = DEBUG;
				SWIFT_OPTIMIZATION_LEVEL = "-Onone";
				TARGETED_DEVICE_FAMILY = "1,2";
			};
			name = Debug;
		};
		30900D651DCEBB52008C606A /* Release */ = {
			isa = XCBuildConfiguration;
			buildSettings = {
				ALWAYS_SEARCH_USER_PATHS = NO;
				CLANG_ANALYZER_NONNULL = YES;
				CLANG_CXX_LANGUAGE_STANDARD = "gnu++0x";
				CLANG_CXX_LIBRARY = "libc++";
				CLANG_ENABLE_MODULES = YES;
				CLANG_ENABLE_OBJC_ARC = YES;
				CLANG_WARN_BLOCK_CAPTURE_AUTORELEASING = YES;
				CLANG_WARN_BOOL_CONVERSION = YES;
				CLANG_WARN_COMMA = YES;
				CLANG_WARN_CONSTANT_CONVERSION = YES;
				CLANG_WARN_DEPRECATED_OBJC_IMPLEMENTATIONS = YES;
				CLANG_WARN_DIRECT_OBJC_ISA_USAGE = YES_ERROR;
				CLANG_WARN_DOCUMENTATION_COMMENTS = YES;
				CLANG_WARN_EMPTY_BODY = YES;
				CLANG_WARN_ENUM_CONVERSION = YES;
				CLANG_WARN_INFINITE_RECURSION = YES;
				CLANG_WARN_INT_CONVERSION = YES;
				CLANG_WARN_NON_LITERAL_NULL_CONVERSION = YES;
				CLANG_WARN_OBJC_IMPLICIT_RETAIN_SELF = YES;
				CLANG_WARN_OBJC_LITERAL_CONVERSION = YES;
				CLANG_WARN_OBJC_ROOT_CLASS = YES_ERROR;
				CLANG_WARN_RANGE_LOOP_ANALYSIS = YES;
				CLANG_WARN_STRICT_PROTOTYPES = YES;
				CLANG_WARN_SUSPICIOUS_MOVE = YES;
				CLANG_WARN_SUSPICIOUS_MOVES = YES;
				CLANG_WARN_UNREACHABLE_CODE = YES;
				CLANG_WARN__DUPLICATE_METHOD_MATCH = YES;
				"CODE_SIGN_IDENTITY[sdk=iphoneos*]" = "iPhone Developer";
				COPY_PHASE_STRIP = NO;
				DEBUG_INFORMATION_FORMAT = "dwarf-with-dsym";
				ENABLE_NS_ASSERTIONS = NO;
				ENABLE_STRICT_OBJC_MSGSEND = YES;
				GCC_C_LANGUAGE_STANDARD = gnu99;
				GCC_NO_COMMON_BLOCKS = YES;
				GCC_WARN_64_TO_32_BIT_CONVERSION = YES;
				GCC_WARN_ABOUT_RETURN_TYPE = YES_ERROR;
				GCC_WARN_UNDECLARED_SELECTOR = YES;
				GCC_WARN_UNINITIALIZED_AUTOS = YES_AGGRESSIVE;
				GCC_WARN_UNUSED_FUNCTION = YES;
				GCC_WARN_UNUSED_VARIABLE = YES;
				IPHONEOS_DEPLOYMENT_TARGET = 10.1;
				MTL_ENABLE_DEBUG_INFO = NO;
				SDKROOT = iphoneos;
				SWIFT_OPTIMIZATION_LEVEL = "-Owholemodule";
				TARGETED_DEVICE_FAMILY = "1,2";
				VALIDATE_PRODUCT = YES;
			};
			name = Release;
		};
		30900D671DCEBB52008C606A /* Debug */ = {
			isa = XCBuildConfiguration;
			buildSettings = {
				ASSETCATALOG_COMPILER_APPICON_NAME = AppIcon;
				DEVELOPMENT_TEAM = NT7FFBVKUP;
				INFOPLIST_FILE = TokenPickerDemo/Info.plist;
				LD_RUNPATH_SEARCH_PATHS = "$(inherited) @executable_path/Frameworks";
				PRODUCT_BUNDLE_IDENTIFIER = com.rchatham.TokenPickerDemo;
				PRODUCT_NAME = "$(TARGET_NAME)";
				SWIFT_SWIFT3_OBJC_INFERENCE = On;
				SWIFT_VERSION = 4.2;
			};
			name = Debug;
		};
		30900D681DCEBB52008C606A /* Release */ = {
			isa = XCBuildConfiguration;
			buildSettings = {
				ASSETCATALOG_COMPILER_APPICON_NAME = AppIcon;
				DEVELOPMENT_TEAM = NT7FFBVKUP;
				INFOPLIST_FILE = TokenPickerDemo/Info.plist;
				LD_RUNPATH_SEARCH_PATHS = "$(inherited) @executable_path/Frameworks";
				PRODUCT_BUNDLE_IDENTIFIER = com.rchatham.TokenPickerDemo;
				PRODUCT_NAME = "$(TARGET_NAME)";
				SWIFT_SWIFT3_OBJC_INFERENCE = On;
				SWIFT_VERSION = 4.2;
			};
			name = Release;
		};
/* End XCBuildConfiguration section */

/* Begin XCConfigurationList section */
		30900D4F1DCEBB52008C606A /* Build configuration list for PBXProject "TokenPickerDemo" */ = {
			isa = XCConfigurationList;
			buildConfigurations = (
				30900D641DCEBB52008C606A /* Debug */,
				30900D651DCEBB52008C606A /* Release */,
			);
			defaultConfigurationIsVisible = 0;
			defaultConfigurationName = Release;
		};
		30900D661DCEBB52008C606A /* Build configuration list for PBXNativeTarget "TokenPickerDemo" */ = {
			isa = XCConfigurationList;
			buildConfigurations = (
				30900D671DCEBB52008C606A /* Debug */,
				30900D681DCEBB52008C606A /* Release */,
			);
			defaultConfigurationIsVisible = 0;
			defaultConfigurationName = Release;
		};
/* End XCConfigurationList section */
	};
	rootObject = 30900D4C1DCEBB52008C606A /* Project object */;
}
